
Microsoft Visual Studio Solution File, Format Version 12.00
# Visual Studio Version 16
VisualStudioVersion = 16.0.31129.286
MinimumVisualStudioVersion = 10.0.40219.1
Project("{2150E333-8FDC-42A3-9474-1A3956D46DE8}") = "Services", "Services", "{8ABEBD88-6333-465E-B7B0-A761B4E983D8}"
EndProject
Project("{2150E333-8FDC-42A3-9474-1A3956D46DE8}") = "Catalog", "Catalog", "{DEFB2D89-3ADA-44F8-84DC-E5577F9EE04E}"
EndProject
Project("{9A19103F-16F7-4668-BE54-9A1E7A4F7556}") = "Catalog.API", "Services\Catalog\Catalog.API\Catalog.API.csproj", "{77A9BE86-ACB1-4277-8EC1-E989122E770F}"
EndProject
Project("{E53339B2-1760-4266-BCC7-CA923CBCF16C}") = "docker-compose", "docker-compose.dcproj", "{342AB277-FEC2-414C-9F6F-E99600245EA5}"
EndProject
Project("{2150E333-8FDC-42A3-9474-1A3956D46DE8}") = "Basket", "Basket", "{3F311E6D-7ACD-4CBA-A21E-211F74A4FAFA}"
EndProject
Project("{9A19103F-16F7-4668-BE54-9A1E7A4F7556}") = "Basket.API", "Services\Basket\Basket.API\Basket.API.csproj", "{5071BF6C-3152-4DD2-83C3-6F4D472E6FAB}"
EndProject
Project("{2150E333-8FDC-42A3-9474-1A3956D46DE8}") = "Discount", "Discount", "{915E0978-3718-476A-8FF6-18209D50B60F}"
EndProject
Project("{FAE04EC0-301F-11D3-BF4B-00C04F79EFBC}") = "Discount.API", "Services\Discount\Discount.API\Discount.API.csproj", "{37DDF9C2-8C36-4205-90D9-C8A71EA4C01D}"
EndProject
Project("{FAE04EC0-301F-11D3-BF4B-00C04F79EFBC}") = "Discount.Grpc", "Services\Discount\Discount.Grpc\Discount.Grpc.csproj", "{5478334B-6676-48AC-816C-212539C51249}"
EndProject
Global
	GlobalSection(SolutionConfigurationPlatforms) = preSolution
		Debug|Any CPU = Debug|Any CPU
		Release|Any CPU = Release|Any CPU
	EndGlobalSection
	GlobalSection(ProjectConfigurationPlatforms) = postSolution
		{77A9BE86-ACB1-4277-8EC1-E989122E770F}.Debug|Any CPU.ActiveCfg = Debug|Any CPU
		{77A9BE86-ACB1-4277-8EC1-E989122E770F}.Debug|Any CPU.Build.0 = Debug|Any CPU
		{77A9BE86-ACB1-4277-8EC1-E989122E770F}.Release|Any CPU.ActiveCfg = Release|Any CPU
		{77A9BE86-ACB1-4277-8EC1-E989122E770F}.Release|Any CPU.Build.0 = Release|Any CPU
		{342AB277-FEC2-414C-9F6F-E99600245EA5}.Debug|Any CPU.ActiveCfg = Debug|Any CPU
		{342AB277-FEC2-414C-9F6F-E99600245EA5}.Debug|Any CPU.Build.0 = Debug|Any CPU
		{342AB277-FEC2-414C-9F6F-E99600245EA5}.Release|Any CPU.ActiveCfg = Release|Any CPU
		{342AB277-FEC2-414C-9F6F-E99600245EA5}.Release|Any CPU.Build.0 = Release|Any CPU
		{5071BF6C-3152-4DD2-83C3-6F4D472E6FAB}.Debug|Any CPU.ActiveCfg = Debug|Any CPU
		{5071BF6C-3152-4DD2-83C3-6F4D472E6FAB}.Debug|Any CPU.Build.0 = Debug|Any CPU
		{5071BF6C-3152-4DD2-83C3-6F4D472E6FAB}.Release|Any CPU.ActiveCfg = Release|Any CPU
		{5071BF6C-3152-4DD2-83C3-6F4D472E6FAB}.Release|Any CPU.Build.0 = Release|Any CPU
		{37DDF9C2-8C36-4205-90D9-C8A71EA4C01D}.Debug|Any CPU.ActiveCfg = Debug|Any CPU
		{37DDF9C2-8C36-4205-90D9-C8A71EA4C01D}.Debug|Any CPU.Build.0 = Debug|Any CPU
		{37DDF9C2-8C36-4205-90D9-C8A71EA4C01D}.Release|Any CPU.ActiveCfg = Release|Any CPU
		{37DDF9C2-8C36-4205-90D9-C8A71EA4C01D}.Release|Any CPU.Build.0 = Release|Any CPU
		{5478334B-6676-48AC-816C-212539C51249}.Debug|Any CPU.ActiveCfg = Debug|Any CPU
		{5478334B-6676-48AC-816C-212539C51249}.Debug|Any CPU.Build.0 = Debug|Any CPU
		{5478334B-6676-48AC-816C-212539C51249}.Release|Any CPU.ActiveCfg = Release|Any CPU
		{5478334B-6676-48AC-816C-212539C51249}.Release|Any CPU.Build.0 = Release|Any CPU
	EndGlobalSection
	GlobalSection(SolutionProperties) = preSolution
		HideSolutionNode = FALSE
	EndGlobalSection
	GlobalSection(NestedProjects) = preSolution
		{DEFB2D89-3ADA-44F8-84DC-E5577F9EE04E} = {8ABEBD88-6333-465E-B7B0-A761B4E983D8}
		{77A9BE86-ACB1-4277-8EC1-E989122E770F} = {DEFB2D89-3ADA-44F8-84DC-E5577F9EE04E}
		{3F311E6D-7ACD-4CBA-A21E-211F74A4FAFA} = {8ABEBD88-6333-465E-B7B0-A761B4E983D8}
		{5071BF6C-3152-4DD2-83C3-6F4D472E6FAB} = {3F311E6D-7ACD-4CBA-A21E-211F74A4FAFA}
		{915E0978-3718-476A-8FF6-18209D50B60F} = {8ABEBD88-6333-465E-B7B0-A761B4E983D8}
		{37DDF9C2-8C36-4205-90D9-C8A71EA4C01D} = {915E0978-3718-476A-8FF6-18209D50B60F}
		{5478334B-6676-48AC-816C-212539C51249} = {915E0978-3718-476A-8FF6-18209D50B60F}
	EndGlobalSection
	GlobalSection(ExtensibilityGlobals) = postSolution
		SolutionGuid = {5C01B9FD-9938-4205-A917-B7A3FBEC86E7}
	EndGlobalSection
EndGlobal
