
Microsoft Visual Studio Solution File, Format Version 12.00
# Visual Studio Version 16
VisualStudioVersion = 16.0.31129.286
MinimumVisualStudioVersion = 10.0.40219.1
Project("{2150E333-8FDC-42A3-9474-1A3956D46DE8}") = "Services", "Services", "{8ABEBD88-6333-465E-B7B0-A761B4E983D8}"
EndProject
Project("{2150E333-8FDC-42A3-9474-1A3956D46DE8}") = "Catalog", "Catalog", "{DEFB2D89-3ADA-44F8-84DC-E5577F9EE04E}"
EndProject
Project("{9A19103F-16F7-4668-BE54-9A1E7A4F7556}") = "Catalog.API", "Services\Catalog\Catalog.API\Catalog.API.csproj", "{77A9BE86-ACB1-4277-8EC1-E989122E770F}"
EndProject
Project("{E53339B2-1760-4266-BCC7-CA923CBCF16C}") = "docker-compose", "docker-compose.dcproj", "{342AB277-FEC2-414C-9F6F-E99600245EA5}"
EndProject
Project("{2150E333-8FDC-42A3-9474-1A3956D46DE8}") = "Basket", "Basket", "{3F311E6D-7ACD-4CBA-A21E-211F74A4FAFA}"
EndProject
Project("{9A19103F-16F7-4668-BE54-9A1E7A4F7556}") = "Basket.API", "Services\Basket\Basket.API\Basket.API.csproj", "{5071BF6C-3152-4DD2-83C3-6F4D472E6FAB}"
EndProject
Project("{2150E333-8FDC-42A3-9474-1A3956D46DE8}") = "Discount", "Discount", "{915E0978-3718-476A-8FF6-18209D50B60F}"
EndProject
Project("{9A19103F-16F7-4668-BE54-9A1E7A4F7556}") = "Discount.API", "Services\Discount\Discount.API\Discount.API.csproj", "{37DDF9C2-8C36-4205-90D9-C8A71EA4C01D}"
EndProject
Project("{9A19103F-16F7-4668-BE54-9A1E7A4F7556}") = "Discount.Grpc", "Services\Discount\Discount.Grpc\Discount.Grpc.csproj", "{5478334B-6676-48AC-816C-212539C51249}"
EndProject
Project("{2150E333-8FDC-42A3-9474-1A3956D46DE8}") = "Ordering", "Ordering", "{A208009D-E2DD-4CD1-BFBF-1FE84E311F94}"
EndProject
Project("{FAE04EC0-301F-11D3-BF4B-00C04F79EFBC}") = "Ordering.API", "Services\Ordering\Ordering.API\Ordering.API.csproj", "{891D6969-89D6-4111-BB47-7E49F4EB83AB}"
EndProject
Project("{FAE04EC0-301F-11D3-BF4B-00C04F79EFBC}") = "Ordering.Application", "Services\Ordering\Ordering.Application\Ordering.Application.csproj", "{2D82DE98-843B-468C-BD37-C68F630CBCF6}"
EndProject
Project("{FAE04EC0-301F-11D3-BF4B-00C04F79EFBC}") = "Ordering.Domain", "Services\Ordering\Ordering.Domain\Ordering.Domain.csproj", "{6B628ED6-333A-456D-B2BD-B3930F3D6ED8}"
EndProject
Project("{FAE04EC0-301F-11D3-BF4B-00C04F79EFBC}") = "Ordering.Infrastructure", "Services\Ordering\Ordering.Infrastructure\Ordering.Infrastructure.csproj", "{7146A159-88E8-47C3-914B-303215D79071}"
EndProject
Project("{2150E333-8FDC-42A3-9474-1A3956D46DE8}") = "BuildingBlocks", "BuildingBlocks", "{EAD09476-B2E8-4342-9164-A767B54AA78E}"
EndProject
Project("{FAE04EC0-301F-11D3-BF4B-00C04F79EFBC}") = "EventBus.Messages", "BuildingBlocks\EventBus.Messages\EventBus.Messages.csproj", "{32176902-9C5B-4F51-B315-7B0E977978A4}"
EndProject
Global
	GlobalSection(SolutionConfigurationPlatforms) = preSolution
		Debug|Any CPU = Debug|Any CPU
		Release|Any CPU = Release|Any CPU
	EndGlobalSection
	GlobalSection(ProjectConfigurationPlatforms) = postSolution
		{77A9BE86-ACB1-4277-8EC1-E989122E770F}.Debug|Any CPU.ActiveCfg = Debug|Any CPU
		{77A9BE86-ACB1-4277-8EC1-E989122E770F}.Debug|Any CPU.Build.0 = Debug|Any CPU
		{77A9BE86-ACB1-4277-8EC1-E989122E770F}.Release|Any CPU.ActiveCfg = Release|Any CPU
		{77A9BE86-ACB1-4277-8EC1-E989122E770F}.Release|Any CPU.Build.0 = Release|Any CPU
		{342AB277-FEC2-414C-9F6F-E99600245EA5}.Debug|Any CPU.ActiveCfg = Debug|Any CPU
		{342AB277-FEC2-414C-9F6F-E99600245EA5}.Debug|Any CPU.Build.0 = Debug|Any CPU
		{342AB277-FEC2-414C-9F6F-E99600245EA5}.Release|Any CPU.ActiveCfg = Release|Any CPU
		{342AB277-FEC2-414C-9F6F-E99600245EA5}.Release|Any CPU.Build.0 = Release|Any CPU
		{5071BF6C-3152-4DD2-83C3-6F4D472E6FAB}.Debug|Any CPU.ActiveCfg = Debug|Any CPU
		{5071BF6C-3152-4DD2-83C3-6F4D472E6FAB}.Debug|Any CPU.Build.0 = Debug|Any CPU
		{5071BF6C-3152-4DD2-83C3-6F4D472E6FAB}.Release|Any CPU.ActiveCfg = Release|Any CPU
		{5071BF6C-3152-4DD2-83C3-6F4D472E6FAB}.Release|Any CPU.Build.0 = Release|Any CPU
		{37DDF9C2-8C36-4205-90D9-C8A71EA4C01D}.Debug|Any CPU.ActiveCfg = Debug|Any CPU
		{37DDF9C2-8C36-4205-90D9-C8A71EA4C01D}.Debug|Any CPU.Build.0 = Debug|Any CPU
		{37DDF9C2-8C36-4205-90D9-C8A71EA4C01D}.Release|Any CPU.ActiveCfg = Release|Any CPU
		{37DDF9C2-8C36-4205-90D9-C8A71EA4C01D}.Release|Any CPU.Build.0 = Release|Any CPU
		{5478334B-6676-48AC-816C-212539C51249}.Debug|Any CPU.ActiveCfg = Debug|Any CPU
		{5478334B-6676-48AC-816C-212539C51249}.Debug|Any CPU.Build.0 = Debug|Any CPU
		{5478334B-6676-48AC-816C-212539C51249}.Release|Any CPU.ActiveCfg = Release|Any CPU
		{5478334B-6676-48AC-816C-212539C51249}.Release|Any CPU.Build.0 = Release|Any CPU
		{891D6969-89D6-4111-BB47-7E49F4EB83AB}.Debug|Any CPU.ActiveCfg = Debug|Any CPU
		{891D6969-89D6-4111-BB47-7E49F4EB83AB}.Debug|Any CPU.Build.0 = Debug|Any CPU
		{891D6969-89D6-4111-BB47-7E49F4EB83AB}.Release|Any CPU.ActiveCfg = Release|Any CPU
		{891D6969-89D6-4111-BB47-7E49F4EB83AB}.Release|Any CPU.Build.0 = Release|Any CPU
		{2D82DE98-843B-468C-BD37-C68F630CBCF6}.Debug|Any CPU.ActiveCfg = Debug|Any CPU
		{2D82DE98-843B-468C-BD37-C68F630CBCF6}.Debug|Any CPU.Build.0 = Debug|Any CPU
		{2D82DE98-843B-468C-BD37-C68F630CBCF6}.Release|Any CPU.ActiveCfg = Release|Any CPU
		{2D82DE98-843B-468C-BD37-C68F630CBCF6}.Release|Any CPU.Build.0 = Release|Any CPU
		{6B628ED6-333A-456D-B2BD-B3930F3D6ED8}.Debug|Any CPU.ActiveCfg = Debug|Any CPU
		{6B628ED6-333A-456D-B2BD-B3930F3D6ED8}.Debug|Any CPU.Build.0 = Debug|Any CPU
		{6B628ED6-333A-456D-B2BD-B3930F3D6ED8}.Release|Any CPU.ActiveCfg = Release|Any CPU
		{6B628ED6-333A-456D-B2BD-B3930F3D6ED8}.Release|Any CPU.Build.0 = Release|Any CPU
		{7146A159-88E8-47C3-914B-303215D79071}.Debug|Any CPU.ActiveCfg = Debug|Any CPU
		{7146A159-88E8-47C3-914B-303215D79071}.Debug|Any CPU.Build.0 = Debug|Any CPU
		{7146A159-88E8-47C3-914B-303215D79071}.Release|Any CPU.ActiveCfg = Release|Any CPU
		{7146A159-88E8-47C3-914B-303215D79071}.Release|Any CPU.Build.0 = Release|Any CPU
		{32176902-9C5B-4F51-B315-7B0E977978A4}.Debug|Any CPU.ActiveCfg = Debug|Any CPU
		{32176902-9C5B-4F51-B315-7B0E977978A4}.Debug|Any CPU.Build.0 = Debug|Any CPU
		{32176902-9C5B-4F51-B315-7B0E977978A4}.Release|Any CPU.ActiveCfg = Release|Any CPU
		{32176902-9C5B-4F51-B315-7B0E977978A4}.Release|Any CPU.Build.0 = Release|Any CPU
	EndGlobalSection
	GlobalSection(SolutionProperties) = preSolution
		HideSolutionNode = FALSE
	EndGlobalSection
	GlobalSection(NestedProjects) = preSolution
		{DEFB2D89-3ADA-44F8-84DC-E5577F9EE04E} = {8ABEBD88-6333-465E-B7B0-A761B4E983D8}
		{77A9BE86-ACB1-4277-8EC1-E989122E770F} = {DEFB2D89-3ADA-44F8-84DC-E5577F9EE04E}
		{3F311E6D-7ACD-4CBA-A21E-211F74A4FAFA} = {8ABEBD88-6333-465E-B7B0-A761B4E983D8}
		{5071BF6C-3152-4DD2-83C3-6F4D472E6FAB} = {3F311E6D-7ACD-4CBA-A21E-211F74A4FAFA}
		{915E0978-3718-476A-8FF6-18209D50B60F} = {8ABEBD88-6333-465E-B7B0-A761B4E983D8}
		{37DDF9C2-8C36-4205-90D9-C8A71EA4C01D} = {915E0978-3718-476A-8FF6-18209D50B60F}
		{5478334B-6676-48AC-816C-212539C51249} = {915E0978-3718-476A-8FF6-18209D50B60F}
		{A208009D-E2DD-4CD1-BFBF-1FE84E311F94} = {8ABEBD88-6333-465E-B7B0-A761B4E983D8}
		{891D6969-89D6-4111-BB47-7E49F4EB83AB} = {A208009D-E2DD-4CD1-BFBF-1FE84E311F94}
		{2D82DE98-843B-468C-BD37-C68F630CBCF6} = {A208009D-E2DD-4CD1-BFBF-1FE84E311F94}
		{6B628ED6-333A-456D-B2BD-B3930F3D6ED8} = {A208009D-E2DD-4CD1-BFBF-1FE84E311F94}
		{7146A159-88E8-47C3-914B-303215D79071} = {A208009D-E2DD-4CD1-BFBF-1FE84E311F94}
		{32176902-9C5B-4F51-B315-7B0E977978A4} = {EAD09476-B2E8-4342-9164-A767B54AA78E}
	EndGlobalSection
	GlobalSection(ExtensibilityGlobals) = postSolution
		SolutionGuid = {5C01B9FD-9938-4205-A917-B7A3FBEC86E7}
	EndGlobalSection
EndGlobal
